
Microsoft Visual Studio Solution File, Format Version 12.00
# Visual Studio Version 17
VisualStudioVersion = 17.8.34330.188
MinimumVisualStudioVersion = 10.0.40219.1
Project("{FAE04EC0-301F-11D3-BF4B-00C04F79EFBC}") = "Cloud_ConsoAPI_Console", "Cloud_ConsoAPI_Console\Cloud_ConsoAPI_Console.csproj", "{B7C38B77-B395-4074-8C52-378CCCA6314E}"
EndProject
Global
	GlobalSection(SolutionConfigurationPlatforms) = preSolution
		Debug|Any CPU = Debug|Any CPU
		Release|Any CPU = Release|Any CPU
	EndGlobalSection
	GlobalSection(ProjectConfigurationPlatforms) = postSolution
		{B7C38B77-B395-4074-8C52-378CCCA6314E}.Debug|Any CPU.ActiveCfg = Debug|Any CPU
		{B7C38B77-B395-4074-8C52-378CCCA6314E}.Debug|Any CPU.Build.0 = Debug|Any CPU
		{B7C38B77-B395-4074-8C52-378CCCA6314E}.Release|Any CPU.ActiveCfg = Release|Any CPU
		{B7C38B77-B395-4074-8C52-378CCCA6314E}.Release|Any CPU.Build.0 = Release|Any CPU
	EndGlobalSection
	GlobalSection(SolutionProperties) = preSolution
		HideSolutionNode = FALSE
	EndGlobalSection
	GlobalSection(ExtensibilityGlobals) = postSolution
		SolutionGuid = {1A0C456F-988C-4420-A7A2-1C9AAF754B9B}
	EndGlobalSection
EndGlobal
